// !$*UTF8*$!
{
	archiveVersion = 1;
	classes = {
	};
	objectVersion = 77;
	objects = {

/* Begin PBXContainerItemProxy section */
		9478E4CF2FEEBFFF00CD9718 /* PBXContainerItemProxy */ = {
			isa = PBXContainerItemProxy;
			containerPortal = 9478E4B62FEEBFFA00CD9718 /* Project object */;
			proxyType = 1;
			remoteGlobalIDString = 9478E4BD2FEEBFFA00CD9718;
			remoteInfo = LightManApp;
		};
		9478E4D92FEEBFFF00CD9718 /* PBXContainerItemProxy */ = {
			isa = PBXContainerItemProxy;
			containerPortal = 9478E4B62FEEBFFA00CD9718 /* Project object */;
			proxyType = 1;
			remoteGlobalIDString = 9478E4BD2FEEBFFA00CD9718;
			remoteInfo = LightManApp;
		};
/* End PBXContainerItemProxy section */

/* Begin PBXFileReference section */
		9478E4BE2FEEBFFA00CD9718 /* LightManApp.app */ = {isa = PBXFileReference; explicitFileType = wrapper.application; includeInIndex = 0; path = LightManApp.app; sourceTree = BUILT_PRODUCTS_DIR; };
		9478E4CE2FEEBFFF00CD9718 /* LightManAppTests.xctest */ = {isa = PBXFileReference; explicitFileType = wrapper.cfbundle; includeInIndex = 0; path = LightManAppTests.xctest; sourceTree = BUILT_PRODUCTS_DIR; };
		9478E4D82FEEBFFF00CD9718 /* LightManAppUITests.xctest */ = {isa = PBXFileReference; explicitFileType = wrapper.cfbundle; includeInIndex = 0; path = LightManAppUITests.xctest; sourceTree = BUILT_PRODUCTS_DIR; };
/* End PBXFileReference section */

/* Begin PBXFileSystemSynchronizedRootGroup section */
		9478E4C02FEEBFFA00CD9718 /* LightManApp */ = {
			isa = PBXFileSystemSynchronizedRootGroup;
			path = LightManApp;
			sourceTree = "<group>";
		};
		9478E4D12FEEBFFF00CD9718 /* LightManAppTests */ = {
			isa = PBXFileSystemSynchronizedRootGroup;
			path = LightManAppTests;
			sourceTree = "<group>";
		};
		9478E4DB2FEEBFFF00CD9718 /* LightManAppUITests */ = {
			isa = PBXFileSystemSynchronizedRootGroup;
			path = LightManAppUITests;
			sourceTree = "<group>";
		};
/* End PBXFileSystemSynchronizedRootGroup section */

/* Begin PBXFrameworksBuildPhase section */
		9478E4BB2FEEBFFA00CD9718 /* Frameworks */ = {
			isa = PBXFrameworksBuildPhase;
			buildActionMask = 2147483647;
			files = (
			);
			runOnlyForDeploymentPostprocessing = 0;
		};
		9478E4CB2FEEBFFF00CD9718 /* Frameworks */ = {
			isa = PBXFrameworksBuildPhase;
			buildActionMask = 2147483647;
			files = (
			);
			runOnlyForDeploymentPostprocessing = 0;
		};
		9478E4D52FEEBFFF00CD9718 /* Frameworks */ = {
			isa = PBXFrameworksBuildPhase;
			buildActionMask = 2147483647;
			files = (
			);
			runOnlyForDeploymentPostprocessing = 0;
		};
/* End PBXFrameworksBuildPhase section */

/* Begin PBXGroup section */
		9478E4B52FEEBFFA00CD9718 = {
			isa = PBXGroup;
			children = (
				9478E4C02FEEBFFA00CD9718 /* LightManApp */,
				9478E4D12FEEBFFF00CD9718 /* LightManAppTests */,
				9478E4DB2FEEBFFF00CD9718 /* LightManAppUITests */,
				9478E4BF2FEEBFFA00CD9718 /* Products */,
			);
			sourceTree = "<group>";
		};
		9478E4BF2FEEBFFA00CD9718 /* Products */ = {
			isa = PBXGroup;
			children = (
				9478E4BE2FEEBFFA00CD9718 /* LightManApp.app */,
				9478E4CE2FEEBFFF00CD9718 /* LightManAppTests.xctest */,
				9478E4D82FEEBFFF00CD9718 /* LightManAppUITests.xctest */,
			);
			name = Products;
			sourceTree = "<group>";
		};
/* End PBXGroup section */

/* Begin PBXNativeTarget section */
		9478E4BD2FEEBFFA00CD9718 /* LightManApp */ = {
			isa = PBXNativeTarget;
			buildConfigurationList = 9478E4E22FEEBFFF00CD9718 /* Build configuration list for PBXNativeTarget "LightManApp" */;
			buildPhases = (
				9478E4BA2FEEBFFA00CD9718 /* Sources */,
				9478E4BB2FEEBFFA00CD9718 /* Frameworks */,
				9478E4BC2FEEBFFA00CD9718 /* Resources */,
			);
			buildRules = (
			);
			dependencies = (
			);
			fileSystemSynchronizedGroups = (
				9478E4C02FEEBFFA00CD9718 /* LightManApp */,
			);
			name = LightManApp;
			packageProductDependencies = (
			);
			productName = LightManApp;
			productReference = 9478E4BE2FEEBFFA00CD9718 /* LightManApp.app */;
			productType = "com.apple.product-type.application";
		};
		9478E4CD2FEEBFFF00CD9718 /* LightManAppTests */ = {
			isa = PBXNativeTarget;
			buildConfigurationList = 9478E4E52FEEBFFF00CD9718 /* Build configuration list for PBXNativeTarget "LightManAppTests" */;
			buildPhases = (
				9478E4CA2FEEBFFF00CD9718 /* Sources */,
				9478E4CB2FEEBFFF00CD9718 /* Frameworks */,
				9478E4CC2FEEBFFF00CD9718 /* Resources */,
			);
			buildRules = (
			);
			dependencies = (
				9478E4D02FEEBFFF00CD9718 /* PBXTargetDependency */,
			);
			fileSystemSynchronizedGroups = (
				9478E4D12FEEBFFF00CD9718 /* LightManAppTests */,
			);
			name = LightManAppTests;
			packageProductDependencies = (
			);
			productName = LightManAppTests;
			productReference = 9478E4CE2FEEBFFF00CD9718 /* LightManAppTests.xctest */;
			productType = "com.apple.product-type.bundle.unit-test";
		};
		9478E4D72FEEBFFF00CD9718 /* LightManAppUITests */ = {
			isa = PBXNativeTarget;
			buildConfigurationList = 9478E4E82FEEBFFF00CD9718 /* Build configuration list for PBXNativeTarget "LightManAppUITests" */;
			buildPhases = (
				9478E4D42FEEBFFF00CD9718 /* Sources */,
				9478E4D52FEEBFFF00CD9718 /* Frameworks */,
				9478E4D62FEEBFFF00CD9718 /* Resources */,
			);
			buildRules = (
			);
			dependencies = (
				9478E4DA2FEEBFFF00CD9718 /* PBXTargetDependency */,
			);
			fileSystemSynchronizedGroups = (
				9478E4DB2FEEBFFF00CD9718 /* LightManAppUITests */,
			);
			name = LightManAppUITests;
			packageProductDependencies = (
			);
			productName = LightManAppUITests;
			productReference = 9478E4D82FEEBFFF00CD9718 /* LightManAppUITests.xctest */;
			productType = "com.apple.product-type.bundle.ui-testing";
		};
/* End PBXNativeTarget section */

/* Begin PBXProject section */
		9478E4B62FEEBFFA00CD9718 /* Project object */ = {
			isa = PBXProject;
			attributes = {
				BuildIndependentTargetsInParallel = 1;
				LastSwiftUpdateCheck = 1600;
				LastUpgradeCheck = 1600;
				TargetAttributes = {
					9478E4BD2FEEBFFA00CD9718 = {
						CreatedOnToolsVersion = 16.0;
					};
					9478E4CD2FEEBFFF00CD9718 = {
						CreatedOnToolsVersion = 16.0;
						TestTargetID = 9478E4BD2FEEBFFA00CD9718;
					};
					9478E4D72FEEBFFF00CD9718 = {
						CreatedOnToolsVersion = 16.0;
						TestTargetID = 9478E4BD2FEEBFFA00CD9718;
					};
				};
			};
			buildConfigurationList = 9478E4B92FEEBFFA00CD9718 /* Build configuration list for PBXProject "LightManApp" */;
			developmentRegion = en;
			hasScannedForEncodings = 0;
			knownRegions = (
				en,
				Base,
			);
			mainGroup = 9478E4B52FEEBFFA00CD9718;
			minimizedProjectReferenceProxies = 1;
			preferredProjectObjectVersion = 77;
			productRefGroup = 9478E4BF2FEEBFFA00CD9718 /* Products */;
			projectDirPath = "";
			projectRoot = "";
			targets = (
				9478E4BD2FEEBFFA00CD9718 /* LightManApp */,
				9478E4CD2FEEBFFF00CD9718 /* LightManAppTests */,
				9478E4D72FEEBFFF00CD9718 /* LightManAppUITests */,
			);
		};
/* End PBXProject section */

/* Begin PBXResourcesBuildPhase section */
		9478E4BC2FEEBFFA00CD9718 /* Resources */ = {
			isa = PBXResourcesBuildPhase;
			buildActionMask = 2147483647;
			files = (
			);
			runOnlyForDeploymentPostprocessing = 0;
		};
		9478E4CC2FEEBFFF00CD9718 /* Resources */ = {
			isa = PBXResourcesBuildPhase;
			buildActionMask = 2147483647;
			files = (
			);
			runOnlyForDeploymentPostprocessing = 0;
		};
		9478E4D62FEEBFFF00CD9718 /* Resources */ = {
			isa = PBXResourcesBuildPhase;
			buildActionMask = 2147483647;
			files = (
			);
			runOnlyForDeploymentPostprocessing = 0;
		};
/* End PBXResourcesBuildPhase section */

/* Begin PBXSourcesBuildPhase section */
		9478E4BA2FEEBFFA00CD9718 /* Sources */ = {
			isa = PBXSourcesBuildPhase;
			buildActionMask = 2147483647;
			files = (
			);
			runOnlyForDeploymentPostprocessing = 0;
		};
		9478E4CA2FEEBFFF00CD9718 /* Sources */ = {
			isa = PBXSourcesBuildPhase;
			buildActionMask = 2147483647;
			files = (
			);
			runOnlyForDeploymentPostprocessing = 0;
		};
		9478E4D42FEEBFFF00CD9718 /* Sources */ = {
			isa = PBXSourcesBuildPhase;
			buildActionMask = 2147483647;
			files = (
			);
			runOnlyForDeploymentPostprocessing = 0;
		};
/* End PBXSourcesBuildPhase section */

/* Begin PBXTargetDependency section */
		9478E4D02FEEBFFF00CD9718 /* PBXTargetDependency */ = {
			isa = PBXTargetDependency;
			target = 9478E4BD2FEEBFFA00CD9718 /* LightManApp */;
			targetProxy = 9478E4CF2FEEBFFF00CD9718 /* PBXContainerItemProxy */;
		};
		9478E4DA2FEEBFFF00CD9718 /* PBXTargetDependency */ = {
			isa = PBXTargetDependency;
			target = 9478E4BD2FEEBFFA00CD9718 /* LightManApp */;
			targetProxy = 9478E4D92FEEBFFF00CD9718 /* PBXContainerItemProxy */;
		};
/* End PBXTargetDependency section */

/* Begin XCBuildConfiguration section */
		9478E4E02FEEBFFF00CD9718 /* Debug */ = {
			isa = XCBuildConfiguration;
			buildSettings = {
				ALWAYS_SEARCH_USER_PATHS = NO;
				ASSETCATALOG_COMPILER_GENERATE_SWIFT_ASSET_SYMBOL_EXTENSIONS = YES;
				CLANG_ANALYZER_NONNULL = YES;
				CLANG_ANALYZER_NUMBER_OBJECT_CONVERSION = YES_AGGRESSIVE;
				CLANG_CXX_LANGUAGE_STANDARD = "gnu++20";
				CLANG_ENABLE_MODULES = YES;
				CLANG_ENABLE_OBJC_ARC = YES;
				CLANG_ENABLE_OBJC_WEAK = YES;
				CLANG_WARN_BLOCK_CAPTURE_AUTORELEASING = YES;
				CLANG_WARN_BOOL_CONVERSION = YES;
				CLANG_WARN_COMMA = YES;
				CLANG_WARN_CONSTANT_CONVERSION = YES;
				CLANG_WARN_DEPRECATED_OBJC_IMPLEMENTATIONS = YES;
				CLANG_WARN_DIRECT_OBJC_ISA_USAGE = YES_ERROR;
				CLANG_WARN_DOCUMENTATION_COMMENTS = YES;
				CLANG_WARN_EMPTY_BODY = YES;
				CLANG_WARN_ENUM_CONVERSION = YES;
				CLANG_WARN_INFINITE_RECURSION = YES;
				CLANG_WARN_INT_CONVERSION = YES;
				CLANG_WARN_NON_LITERAL_NULL_CONVERSION = YES;
				CLANG_WARN_OBJC_IMPLICIT_RETAIN_SELF = YES;
				CLANG_WARN_OBJC_LITERAL_CONVERSION = YES;
				CLANG_WARN_OBJC_ROOT_CLASS = YES_ERROR;
				CLANG_WARN_QUOTED_INCLUDE_IN_FRAMEWORK_HEADER = YES;
				CLANG_WARN_RANGE_LOOP_ANALYSIS = YES;
				CLANG_WARN_STRICT_PROTOTYPES = YES;
				CLANG_WARN_SUSPICIOUS_MOVE = YES;
				CLANG_WARN_UNGUARDED_AVAILABILITY = YES_AGGRESSIVE;
				CLANG_WARN_UNREACHABLE_CODE = YES;
				CLANG_WARN__DUPLICATE_METHOD_MATCH = YES;
				COPY_PHASE_STRIP = NO;
				DEBUG_INFORMATION_FORMAT = dwarf;
				ENABLE_STRICT_OBJC_MSGSEND = YES;
				ENABLE_TESTABILITY = YES;
				ENABLE_USER_SCRIPT_SANDBOXING = YES;
				GCC_C_LANGUAGE_STANDARD = gnu17;
				GCC_DYNAMIC_NO_PIC = NO;
				GCC_NO_COMMON_BLOCKS = YES;
				GCC_OPTIMIZATION_LEVEL = 0;
				GCC_PREPROCESSOR_DEFINITIONS = (
					"DEBUG=1",
					"$(inherited)",
				);
				GCC_WARN_64_TO_32_BIT_CONVERSION = YES;
				GCC_WARN_ABOUT_RETURN_TYPE = YES_ERROR;
				GCC_WARN_UNDECLARED_SELECTOR = YES;
				GCC_WARN_UNINITIALIZED_AUTOS = YES_AGGRESSIVE;
				GCC_WARN_UNUSED_FUNCTION = YES;
				GCC_WARN_UNUSED_VARIABLE = YES;
				IPHONEOS_DEPLOYMENT_TARGET = 18.0;
				LOCALIZATION_PREFERS_STRING_CATALOGS = YES;
				MTL_ENABLE_DEBUG_INFO = INCLUDE_SOURCE;
				MTL_FAST_MATH = YES;
				ONLY_ACTIVE_ARCH = YES;
				SDKROOT = iphoneos;
				SWIFT_ACTIVE_COMPILATION_CONDITIONS = "DEBUG $(inherited)";
				SWIFT_OPTIMIZATION_LEVEL = "-Onone";
			};
			name = Debug;
		};
		9478E4E12FEEBFFF00CD9718 /* Release */ = {
			isa = XCBuildConfiguration;
			buildSettings = {
				ALWAYS_SEARCH_USER_PATHS = NO;
				ASSETCATALOG_COMPILER_GENERATE_SWIFT_ASSET_SYMBOL_EXTENSIONS = YES;
				CLANG_ANALYZER_NONNULL = YES;
				CLANG_ANALYZER_NUMBER_OBJECT_CONVERSION = YES_AGGRESSIVE;
				CLANG_CXX_LANGUAGE_STANDARD = "gnu++20";
				CLANG_ENABLE_MODULES = YES;
				CLANG_ENABLE_OBJC_ARC = YES;
				CLANG_ENABLE_OBJC_WEAK = YES;
				CLANG_WARN_BLOCK_CAPTURE_AUTORELEASING = YES;
				CLANG_WARN_BOOL_CONVERSION = YES;
				CLANG_WARN_COMMA = YES;
				CLANG_WARN_CONSTANT_CONVERSION = YES;
				CLANG_WARN_DEPRECATED_OBJC_IMPLEMENTATIONS = YES;
				CLANG_WARN_DIRECT_OBJC_ISA_USAGE = YES_ERROR;
				CLANG_WARN_DOCUMENTATION_COMMENTS = YES;
				CLANG_WARN_EMPTY_BODY = YES;
				CLANG_WARN_ENUM_CONVERSION = YES;
				CLANG_WARN_INFINITE_RECURSION = YES;
				CLANG_WARN_INT_CONVERSION = YES;
				CLANG_WARN_NON_LITERAL_NULL_CONVERSION = YES;
				CLANG_WARN_OBJC_IMPLICIT_RETAIN_SELF = YES;
				CLANG_WARN_OBJC_LITERAL_CONVERSION = YES;
				CLANG_WARN_OBJC_ROOT_CLASS = YES_ERROR;
				CLANG_WARN_QUOTED_INCLUDE_IN_FRAMEWORK_HEADER = YES;
				CLANG_WARN_RANGE_LOOP_ANALYSIS = YES;
				CLANG_WARN_STRICT_PROTOTYPES = YES;
				CLANG_WARN_SUSPICIOUS_MOVE = YES;
				CLANG_WARN_UNGUARDED_AVAILABILITY = YES_AGGRESSIVE;
				CLANG_WARN_UNREACHABLE_CODE = YES;
				CLANG_WARN__DUPLICATE_METHOD_MATCH = YES;
				COPY_PHASE_STRIP = NO;
				DEBUG_INFORMATION_FORMAT = "dwarf-with-dsym";
				ENABLE_NS_ASSERTIONS = NO;
				ENABLE_STRICT_OBJC_MSGSEND = YES;
				ENABLE_USER_SCRIPT_SANDBOXING = YES;
				GCC_C_LANGUAGE_STANDARD = gnu17;
				GCC_NO_COMMON_BLOCKS = YES;
				GCC_WARN_64_TO_32_BIT_CONVERSION = YES;
				GCC_WARN_ABOUT_RETURN_TYPE = YES_ERROR;
				GCC_WARN_UNDECLARED_SELECTOR = YES;
				GCC_WARN_UNINITIALIZED_AUTOS = YES_AGGRESSIVE;
				GCC_WARN_UNUSED_FUNCTION = YES;
				GCC_WARN_UNUSED_VARIABLE = YES;
				IPHONEOS_DEPLOYMENT_TARGET = 18.0;
				LOCALIZATION_PREFERS_STRING_CATALOGS = YES;
				MTL_ENABLE_DEBUG_INFO = NO;
				MTL_FAST_MATH = YES;
				SDKROOT = iphoneos;
				SWIFT_COMPILATION_MODE = wholemodule;
				VALIDATE_PRODUCT = YES;
			};
			name = Release;
		};
		9478E4E32FEEBFFF00CD9718 /* Debug */ = {
			isa = XCBuildConfiguration;
			buildSettings = {
				ASSETCATALOG_COMPILER_APPICON_NAME = AppIcon;
				ASSETCATALOG_COMPILER_GLOBAL_ACCENT_COLOR_NAME = AccentColor;
				CODE_SIGN_STYLE = Automatic;
				CURRENT_PROJECT_VERSION = 1;
				DEVELOPMENT_ASSET_PATHS = "\"LightManApp/Preview Content\"";
				DEVELOPMENT_TEAM = 852C364T9A;
				ENABLE_PREVIEWS = YES;
				GENERATE_INFOPLIST_FILE = YES;
				INFOPLIST_KEY_NSLocationWhenInUseUsageDescription = "Lightman needs your location to show your position on the map";
				INFOPLIST_KEY_UIApplicationSceneManifest_Generation = YES;
				INFOPLIST_KEY_UIApplicationSupportsIndirectInputEvents = YES;
				INFOPLIST_KEY_UILaunchScreen_Generation = YES;
				INFOPLIST_KEY_UISupportedInterfaceOrientations_iPad = "UIInterfaceOrientationPortrait UIInterfaceOrientationPortraitUpsideDown UIInterfaceOrientationLandscapeLeft UIInterfaceOrientationLandscapeRight";
				INFOPLIST_KEY_UISupportedInterfaceOrientations_iPhone = "UIInterfaceOrientationPortrait UIInterfaceOrientationLandscapeLeft UIInterfaceOrientationLandscapeRight";
				LD_RUNPATH_SEARCH_PATHS = (
					"$(inherited)",
					"@executable_path/Frameworks",
				);
				MARKETING_VERSION = 1.0;
				PRODUCT_BUNDLE_IDENTIFIER = CarlsonAppli.LightManApp;
				PRODUCT_NAME = "$(TARGET_NAME)";
				SWIFT_EMIT_LOC_STRINGS = YES;
				SWIFT_VERSION = 5.0;
				TARGETED_DEVICE_FAMILY = "1,2";
			};
			name = Debug;
		};
		9478E4E42FEEBFFF00CD9718 /* Release */ = {
			isa = XCBuildConfiguration;
			buildSettings = {
				ASSETCATALOG_COMPILER_APPICON_NAME = AppIcon;
				ASSETCATALOG_COMPILER_GLOBAL_ACCENT_COLOR_NAME = AccentColor;
				CODE_SIGN_STYLE = Automatic;
				CURRENT_PROJECT_VERSION = 1;
				DEVELOPMENT_ASSET_PATHS = "\"LightManApp/Preview Content\"";
				DEVELOPMENT_TEAM = 852C364T9A;
				ENABLE_PREVIEWS = YES;
				GENERATE_INFOPLIST_FILE = YES;
				INFOPLIST_KEY_NSLocationWhenInUseUsageDescription = "Lightman needs your location to show your position on the map";
				INFOPLIST_KEY_UIApplicationSceneManifest_Generation = YES;
				INFOPLIST_KEY_UIApplicationSupportsIndirectInputEvents = YES;
				INFOPLIST_KEY_UILaunchScreen_Generation = YES;
				INFOPLIST_KEY_UISupportedInterfaceOrientations_iPad = "UIInterfaceOrientationPortrait UIInterfaceOrientationPortraitUpsideDown UIInterfaceOrientationLandscapeLeft UIInterfaceOrientationLandscapeRight";
				INFOPLIST_KEY_UISupportedInterfaceOrientations_iPhone = "UIInterfaceOrientationPortrait UIInterfaceOrientationLandscapeLeft UIInterfaceOrientationLandscapeRight";
				LD_RUNPATH_SEARCH_PATHS = (
					"$(inherited)",
					"@executable_path/Frameworks",
				);
				MARKETING_VERSION = 1.0;
				PRODUCT_BUNDLE_IDENTIFIER = CarlsonAppli.LightManApp;
				PRODUCT_NAME = "$(TARGET_NAME)";
				SWIFT_EMIT_LOC_STRINGS = YES;
				SWIFT_VERSION = 5.0;
				TARGETED_DEVICE_FAMILY = "1,2";
			};
			name = Release;
		};
		9478E4E62FEEBFFF00CD9718 /* Debug */ = {
			isa = XCBuildConfiguration;
			buildSettings = {
				BUNDLE_LOADER = "$(TEST_HOST)";
				CODE_SIGN_STYLE = Automatic;
				CURRENT_PROJECT_VERSION = 1;
				DEVELOPMENT_TEAM = 852C364T9A;
				GENERATE_INFOPLIST_FILE = YES;
				IPHONEOS_DEPLOYMENT_TARGET = 18.0;
				MARKETING_VERSION = 1.0;
				PRODUCT_BUNDLE_IDENTIFIER = CarlsonAppli.LightManAppTests;
				PRODUCT_NAME = "$(TARGET_NAME)";
				SWIFT_EMIT_LOC_STRINGS = NO;
				SWIFT_VERSION = 5.0;
				TARGETED_DEVICE_FAMILY = "1,2";
				TEST_HOST = "$(BUILT_PRODUCTS_DIR)/LightManApp.app/$(BUNDLE_EXECUTABLE_FOLDER_PATH)/LightManApp";
			};
			name = Debug;
		};
		9478E4E72FEEBFFF00CD9718 /* Release */ = {
			isa = XCBuildConfiguration;
			buildSettings = {
				BUNDLE_LOADER = "$(TEST_HOST)";
				CODE_SIGN_STYLE = Automatic;
				CURRENT_PROJECT_VERSION = 1;
				DEVELOPMENT_TEAM = 852C364T9A;
				GENERATE_INFOPLIST_FILE = YES;
				IPHONEOS_DEPLOYMENT_TARGET = 18.0;
				MARKETING_VERSION = 1.0;
				PRODUCT_BUNDLE_IDENTIFIER = CarlsonAppli.LightManAppTests;
				PRODUCT_NAME = "$(TARGET_NAME)";
				SWIFT_EMIT_LOC_STRINGS = NO;
				SWIFT_VERSION = 5.0;
				TARGETED_DEVICE_FAMILY = "1,2";
				TEST_HOST = "$(BUILT_PRODUCTS_DIR)/LightManApp.app/$(BUNDLE_EXECUTABLE_FOLDER_PATH)/LightManApp";
			};
			name = Release;
		};
		9478E4E92FEEBFFF00CD9718 /* Debug */ = {
			isa = XCBuildConfiguration;
			buildSettings = {
				CODE_SIGN_STYLE = Automatic;
				CURRENT_PROJECT_VERSION = 1;
				DEVELOPMENT_TEAM = 852C364T9A;
				GENERATE_INFOPLIST_FILE = YES;
				MARKETING_VERSION = 1.0;
				PRODUCT_BUNDLE_IDENTIFIER = CarlsonAppli.LightManAppUITests;
				PRODUCT_NAME = "$(TARGET_NAME)";
				SWIFT_EMIT_LOC_STRINGS = NO;
				SWIFT_VERSION = 5.0;
				TARGETED_DEVICE_FAMILY = "1,2";
				TEST_TARGET_NAME = LightManApp;
			};
			name = Debug;
		};
		9478E4EA2FEEBFFF00CD9718 /* Release */ = {
			isa = XCBuildConfiguration;
			buildSettings = {
				CODE_SIGN_STYLE = Automatic;
				CURRENT_PROJECT_VERSION = 1;
				DEVELOPMENT_TEAM = 852C364T9A;
				GENERATE_INFOPLIST_FILE = YES;
				MARKETING_VERSION = 1.0;
				PRODUCT_BUNDLE_IDENTIFIER = CarlsonAppli.LightManAppUITests;
				PRODUCT_NAME = "$(TARGET_NAME)";
				SWIFT_EMIT_LOC_STRINGS = NO;
				SWIFT_VERSION = 5.0;
				TARGETED_DEVICE_FAMILY = "1,2";
				TEST_TARGET_NAME = LightManApp;
			};
			name = Release;
		};
/* End XCBuildConfiguration section */

/* Begin XCConfigurationList section */
		9478E4B92FEEBFFA00CD9718 /* Build configuration list for PBXProject "LightManApp" */ = {
			isa = XCConfigurationList;
			buildConfigurations = (
				9478E4E02FEEBFFF00CD9718 /* Debug */,
				9478E4E12FEEBFFF00CD9718 /* Release */,
			);
			defaultConfigurationIsVisible = 0;
			defaultConfigurationName = Release;
		};
		9478E4E22FEEBFFF00CD9718 /* Build configuration list for PBXNativeTarget "LightManApp" */ = {
			isa = XCConfigurationList;
			buildConfigurations = (
				9478E4E32FEEBFFF00CD9718 /* Debug */,
				9478E4E42FEEBFFF00CD9718 /* Release */,
			);
			defaultConfigurationIsVisible = 0;
			defaultConfigurationName = Release;
		};
		9478E4E52FEEBFFF00CD9718 /* Build configuration list for PBXNativeTarget "LightManAppTests" */ = {
			isa = XCConfigurationList;
			buildConfigurations = (
				9478E4E62FEEBFFF00CD9718 /* Debug */,
				9478E4E72FEEBFFF00CD9718 /* Release */,
			);
			defaultConfigurationIsVisible = 0;
			defaultConfigurationName = Release;
		};
		9478E4E82FEEBFFF00CD9718 /* Build configuration list for PBXNativeTarget "LightManAppUITests" */ = {
			isa = XCConfigurationList;
			buildConfigurations = (
				9478E4E92FEEBFFF00CD9718 /* Debug */,
				9478E4EA2FEEBFFF00CD9718 /* Release */,
			);
			defaultConfigurationIsVisible = 0;
			defaultConfigurationName = Release;
		};
/* End XCConfigurationList section */
	};
	rootObject = 9478E4B62FEEBFFA00CD9718 /* Project object */;
}
